{
  "name": "ticketbot",
  "version": "1.0.0",
  "lockfileVersion": 2,
  "requires": true,
  "packages": {
    "": {
      "name": "ticketbot",
      "version": "1.0.0",
      "license": "ISC",
      "dependencies": {
        "dotenv": "^8.2.0",
        "get-stdin": "^8.0.0",
        "javascript-time-ago": "^2.3.4"
      },
      "bin": {
        "ticketbot": "index.js"
      }
    },
    "node_modules/dotenv": {
      "version": "8.2.0",
      "resolved": "https://registry.npmjs.org/dotenv/-/dotenv-8.2.0.tgz",
      "integrity": "sha512-8sJ78ElpbDJBHNeBzUbUVLsqKdccaa/BXF1uPTw3GrvQTBgrQrtObr2mUrE38vzYd8cEv+m/JBfDLioYcfXoaw==",
      "engines": {
        "node": ">=8"
      }
    },
    "node_modules/get-stdin": {
      "version": "8.0.0",
      "resolved": "https://registry.npmjs.org/get-stdin/-/get-stdin-8.0.0.tgz",
      "integrity": "sha512-sY22aA6xchAzprjyqmSEQv4UbAAzRN0L2dQB0NlN5acTTK9Don6nhoc3eAbUnpZiCANAMfd/+40kVdKfFygohg==",
      "engines": {
        "node": ">=10"
      },
      "funding": {
        "url": "https://github.com/sponsors/sindresorhus"
      }
    },
    "node_modules/javascript-time-ago": {
      "version": "2.3.4",
      "resolved": "https://registry.npmjs.org/javascript-time-ago/-/javascript-time-ago-2.3.4.tgz",
      "integrity": "sha512-Tmy9C4MBGtC19AYhV8updznKqtiRSwJHIbDMeypsy3F0vxqgX5ytln4jwXRLVh82WW6ig4VGegi/Qhykpr4YQw==",
      "dependencies": {
        "relative-time-format": "^1.0.5"
      }
    },
    "node_modules/relative-time-format": {
      "version": "1.0.5",
      "resolved": "https://registry.npmjs.org/relative-time-format/-/relative-time-format-1.0.5.tgz",
      "integrity": "sha512-MAgx/YKcUQYJpIaWcfetPstElnWf26JxVis4PirdwVrrymFdbxyCSm6yENpfB1YuwFbtHSHksN3aBajVNxk10Q=="
    }
  },
  "dependencies": {
    "dotenv": {
      "version": "8.2.0",
      "resolved": "https://registry.npmjs.org/dotenv/-/dotenv-8.2.0.tgz",
      "integrity": "sha512-8sJ78ElpbDJBHNeBzUbUVLsqKdccaa/BXF1uPTw3GrvQTBgrQrtObr2mUrE38vzYd8cEv+m/JBfDLioYcfXoaw=="
    },
    "get-stdin": {
      "version": "8.0.0",
      "resolved": "https://registry.npmjs.org/get-stdin/-/get-stdin-8.0.0.tgz",
      "integrity": "sha512-sY22aA6xchAzprjyqmSEQv4UbAAzRN0L2dQB0NlN5acTTK9Don6nhoc3eAbUnpZiCANAMfd/+40kVdKfFygohg=="
    },
    "javascript-time-ago": {
      "version": "2.3.4",
      "resolved": "https://registry.npmjs.org/javascript-time-ago/-/javascript-time-ago-2.3.4.tgz",
      "integrity": "sha512-Tmy9C4MBGtC19AYhV8updznKqtiRSwJHIbDMeypsy3F0vxqgX5ytln4jwXRLVh82WW6ig4VGegi/Qhykpr4YQw==",
      "requires": {
        "relative-time-format": "^1.0.5"
      }
    },
    "relative-time-format": {
      "version": "1.0.5",
      "resolved": "https://registry.npmjs.org/relative-time-format/-/relative-time-format-1.0.5.tgz",
      "integrity": "sha512-MAgx/YKcUQYJpIaWcfetPstElnWf26JxVis4PirdwVrrymFdbxyCSm6yENpfB1YuwFbtHSHksN3aBajVNxk10Q=="
    }
  }
}
